
Microsoft Visual Studio Solution File, Format Version 12.00
# Visual Studio Version 17
VisualStudioVersion = 17.3.32819.101
MinimumVisualStudioVersion = 10.0.40219.1
Project("{FAE04EC0-301F-11D3-BF4B-00C04F79EFBC}") = "laplacedemon", "laplacedemon\laplacedemon.csproj", "{B87B515C-AC94-43FE-9392-8FDCE43C3159}"
EndProject
Global
	GlobalSection(SolutionConfigurationPlatforms) = preSolution
		Debug|Any CPU = Debug|Any CPU
		Release|Any CPU = Release|Any CPU
	EndGlobalSection
	GlobalSection(ProjectConfigurationPlatforms) = postSolution
		{B87B515C-AC94-43FE-9392-8FDCE43C3159}.Debug|Any CPU.ActiveCfg = Debug|Any CPU
		{B87B515C-AC94-43FE-9392-8FDCE43C3159}.Debug|Any CPU.Build.0 = Debug|Any CPU
		{B87B515C-AC94-43FE-9392-8FDCE43C3159}.Release|Any CPU.ActiveCfg = Release|Any CPU
		{B87B515C-AC94-43FE-9392-8FDCE43C3159}.Release|Any CPU.Build.0 = Release|Any CPU
	EndGlobalSection
	GlobalSection(SolutionProperties) = preSolution
		HideSolutionNode = FALSE
	EndGlobalSection
	GlobalSection(ExtensibilityGlobals) = postSolution
		SolutionGuid = {E62D086B-6A75-45F4-AA7F-5BE768019E9D}
	EndGlobalSection
EndGlobal
